# THIS IS AN AUTOGENERATED FILE. DO NOT EDIT THIS FILE DIRECTLY.
# yarn lockfile v1


arr-union@^3.1.0:
  version "3.1.0"
  resolved "https://registry.yarnpkg.com/arr-union/-/arr-union-3.1.0.tgz#e39b09aea9def866a8f206e288af63919bae39c4"

balanced-match@^0.4.1:
  version "0.4.2"
  resolved "https://registry.yarnpkg.com/balanced-match/-/balanced-match-0.4.2.tgz#cb3f3e3c732dc0f01ee70b403f302e61d7709838"

bluebird@^3.4.7:
  version "3.5.0"
  resolved "https://registry.yarnpkg.com/bluebird/-/bluebird-3.5.0.tgz#791420d7f551eea2897453a8a77653f96606d67c"

brace-expansion@^1.0.0:
  version "1.1.6"
  resolved "https://registry.yarnpkg.com/brace-expansion/-/brace-expansion-1.1.6.tgz#7197d7eaa9b87e648390ea61fc66c84427420df9"
  dependencies:
    balanced-match "^0.4.1"
    concat-map "0.0.1"

bytewise-core@^1.2.2:
  version "1.2.3"
  resolved "https://registry.yarnpkg.com/bytewise-core/-/bytewise-core-1.2.3.tgz#3fb410c7e91558eb1ab22a82834577aa6bd61d42"
  dependencies:
    typewise-core "^1.2"

bytewise@^1.1.0:
  version "1.1.0"
  resolved "https://registry.yarnpkg.com/bytewise/-/bytewise-1.1.0.tgz#1d13cbff717ae7158094aa881b35d081b387253e"
  dependencies:
    bytewise-core "^1.2.2"
    typewise "^1.0.3"

commander@^2.9.0:
  version "2.9.0"
  resolved "https://registry.yarnpkg.com/commander/-/commander-2.9.0.tgz#9c99094176e12240cb22d6c5146098400fe0f7d4"
  dependencies:
    graceful-readlink ">= 1.0.0"

concat-map@0.0.1:
  version "0.0.1"
  resolved "https://registry.yarnpkg.com/concat-map/-/concat-map-0.0.1.tgz#d8a96bd77fd68df7793a73036a3ba0d5405d477b"

debug@1.0.0:
  version "1.0.0"
  resolved "https://registry.yarnpkg.com/debug/-/debug-1.0.0.tgz#553678b67494cacc2d5330c24dfb2f275b1ceb5a"
  dependencies:
    ms "0.6.2"

debug@2.6.1:
  version "2.6.1"
  resolved "https://registry.yarnpkg.com/debug/-/debug-2.6.1.tgz#79855090ba2c4e3115cc7d8769491d58f0491351"
  dependencies:
    ms "0.7.2"

extend-shallow@^2.0.1:
  version "2.0.1"
  resolved "https://registry.yarnpkg.com/extend-shallow/-/extend-shallow-2.0.1.tgz#51af7d614ad9a9f610ea1bafbb989d6b1c56890f"
  dependencies:
    is-extendable "^0.1.0"

fs.realpath@^1.0.0:
  version "1.0.0"
  resolved "https://registry.yarnpkg.com/fs.realpath/-/fs.realpath-1.0.0.tgz#1504ad2523158caa40db4a2787cb01411994ea4f"

get-value@^2.0.2, get-value@^2.0.6:
  version "2.0.6"
  resolved "https://registry.yarnpkg.com/get-value/-/get-value-2.0.6.tgz#dc15ca1c672387ca76bd37ac0a395ba2042a2c28"

glob@^7.1.1:
  version "7.1.1"
  resolved "https://registry.yarnpkg.com/glob/-/glob-7.1.1.tgz#805211df04faaf1c63a3600306cdf5ade50b2ec8"
  dependencies:
    fs.realpath "^1.0.0"
    inflight "^1.0.4"
    inherits "2"
    minimatch "^3.0.2"
    once "^1.3.0"
    path-is-absolute "^1.0.0"

"graceful-readlink@>= 1.0.0":
  version "1.0.1"
  resolved "https://registry.yarnpkg.com/graceful-readlink/-/graceful-readlink-1.0.1.tgz#4cafad76bc62f02fa039b2f94e9a3dd3a391a725"

inflight@^1.0.4:
  version "1.0.6"
  resolved "https://registry.yarnpkg.com/inflight/-/inflight-1.0.6.tgz#49bd6331d7d02d0c09bc910a1075ba8165b56df9"
  dependencies:
    once "^1.3.0"
    wrappy "1"

inherits@2:
  version "2.0.3"
  resolved "https://registry.yarnpkg.com/inherits/-/inherits-2.0.3.tgz#633c2c83e3da42a502f52466022480f4208261de"

is-buffer@^1.0.2:
  version "1.1.5"
  resolved "https://registry.yarnpkg.com/is-buffer/-/is-buffer-1.1.5.tgz#1f3b26ef613b214b88cbca23cc6c01d87961eecc"

is-extendable@^0.1.0, is-extendable@^0.1.1:
  version "0.1.1"
  resolved "https://registry.yarnpkg.com/is-extendable/-/is-extendable-0.1.1.tgz#62b110e289a471418e3ec36a617d472e301dfc89"

is-plain-object@^2.0.1:
  version "2.0.1"
  resolved "https://registry.yarnpkg.com/is-plain-object/-/is-plain-object-2.0.1.tgz#4d7ca539bc9db9b737b8acb612f2318ef92f294f"
  dependencies:
    isobject "^1.0.0"

isobject@^1.0.0:
  version "1.0.2"
  resolved "https://registry.yarnpkg.com/isobject/-/isobject-1.0.2.tgz#f0f9b8ce92dd540fa0740882e3835a2e022ec78a"

kind-of@^3.0.2:
  version "3.1.0"
  resolved "https://registry.yarnpkg.com/kind-of/-/kind-of-3.1.0.tgz#475d698a5e49ff5e53d14e3e732429dc8bf4cf47"
  dependencies:
    is-buffer "^1.0.2"

knifecycle@^1.1.2:
  version "1.3.1"
  resolved "https://registry.yarnpkg.com/knifecycle/-/knifecycle-1.3.1.tgz#18e874e7e299f367d7d1336e1a1776df738a0a59"
  dependencies:
    debug "2.6.1"
    yerror "^2.0.0"

metapak-sebastienelet@^0.0.2:
  version "0.0.2"
  resolved "https://registry.yarnpkg.com/metapak-sebastienelet/-/metapak-sebastienelet-0.0.2.tgz#b6bca8a7afe2f5cc785a9c27434a7c2eb10b81a4"

metapak@^0.0.18:
  version "0.0.18"
  resolved "https://registry.yarnpkg.com/metapak/-/metapak-0.0.18.tgz#2c3f7540a057c42e73145226b370dc2c01918c83"
  dependencies:
    bluebird "^3.4.7"
    commander "^2.9.0"
    debug "1.0.0"
    glob "^7.1.1"
    knifecycle "^1.1.2"
    mkdirp "^0.5.1"
    sort-object "^3.0.2"
    yerror "^1.0.2"

minimatch@^3.0.2:
  version "3.0.3"
  resolved "https://registry.yarnpkg.com/minimatch/-/minimatch-3.0.3.tgz#2a4e4090b96b2db06a9d7df01055a62a77c9b774"
  dependencies:
    brace-expansion "^1.0.0"

minimist@0.0.8:
  version "0.0.8"
  resolved "https://registry.yarnpkg.com/minimist/-/minimist-0.0.8.tgz#857fcabfc3397d2625b8228262e86aa7a011b05d"

mkdirp@^0.5.1:
  version "0.5.1"
  resolved "https://registry.yarnpkg.com/mkdirp/-/mkdirp-0.5.1.tgz#30057438eac6cf7f8c4767f38648d6697d75c903"
  dependencies:
    minimist "0.0.8"

ms@0.6.2:
  version "0.6.2"
  resolved "https://registry.yarnpkg.com/ms/-/ms-0.6.2.tgz#d89c2124c6fdc1353d65a8b77bf1aac4b193708c"

ms@0.7.2:
  version "0.7.2"
  resolved "https://registry.yarnpkg.com/ms/-/ms-0.7.2.tgz#ae25cf2512b3885a1d95d7f037868d8431124765"

once@^1.3.0:
  version "1.4.0"
  resolved "https://registry.yarnpkg.com/once/-/once-1.4.0.tgz#583b1aa775961d4b113ac17d9c50baef9dd76bd1"
  dependencies:
    wrappy "1"

path-is-absolute@^1.0.0:
  version "1.0.1"
  resolved "https://registry.yarnpkg.com/path-is-absolute/-/path-is-absolute-1.0.1.tgz#174b9268735534ffbc7ace6bf53a5a9e1b5c5f5f"

set-value@^0.4.3:
  version "0.4.3"
  resolved "https://registry.yarnpkg.com/set-value/-/set-value-0.4.3.tgz#7db08f9d3d22dc7f78e53af3c3bf4666ecdfccf1"
  dependencies:
    extend-shallow "^2.0.1"
    is-extendable "^0.1.1"
    is-plain-object "^2.0.1"
    to-object-path "^0.3.0"

sort-asc@^0.2.0:
  version "0.2.0"
  resolved "https://registry.yarnpkg.com/sort-asc/-/sort-asc-0.2.0.tgz#00a49e947bc25d510bfde2cbb8dffda9f50eb2fc"

sort-desc@^0.2.0:
  version "0.2.0"
  resolved "https://registry.yarnpkg.com/sort-desc/-/sort-desc-0.2.0.tgz#280c1bdafc6577887cedbad1ed2e41c037976646"

sort-object@^3.0.2:
  version "3.0.2"
  resolved "https://registry.yarnpkg.com/sort-object/-/sort-object-3.0.2.tgz#daf2b693f611f7dd2a21b82b805e4eac230f755e"
  dependencies:
    bytewise "^1.1.0"
    get-value "^2.0.2"
    is-extendable "^0.1.1"
    sort-asc "^0.2.0"
    sort-desc "^0.2.0"
    union-value "^0.2.3"

to-object-path@^0.3.0:
  version "0.3.0"
  resolved "https://registry.yarnpkg.com/to-object-path/-/to-object-path-0.3.0.tgz#297588b7b0e7e0ac08e04e672f85c1f4999e17af"
  dependencies:
    kind-of "^3.0.2"

typewise-core@^1.2, typewise-core@^1.2.0:
  version "1.2.0"
  resolved "https://registry.yarnpkg.com/typewise-core/-/typewise-core-1.2.0.tgz#97eb91805c7f55d2f941748fa50d315d991ef195"

typewise@^1.0.3:
  version "1.0.3"
  resolved "https://registry.yarnpkg.com/typewise/-/typewise-1.0.3.tgz#1067936540af97937cc5dcf9922486e9fa284651"
  dependencies:
    typewise-core "^1.2.0"

union-value@^0.2.3:
  version "0.2.4"
  resolved "https://registry.yarnpkg.com/union-value/-/union-value-0.2.4.tgz#7375152786679057e7b37aa676e83468fc0274f0"
  dependencies:
    arr-union "^3.1.0"
    get-value "^2.0.6"
    is-extendable "^0.1.1"
    set-value "^0.4.3"

wrappy@1:
  version "1.0.2"
  resolved "https://registry.yarnpkg.com/wrappy/-/wrappy-1.0.2.tgz#b5243d8f3ec1aa35f1364605bc0d1036e30ab69f"

yerror@^1.0.2:
  version "1.0.2"
  resolved "https://registry.yarnpkg.com/yerror/-/yerror-1.0.2.tgz#3b4afc653a2dfd7c916cfb0afd89a1cf98ee2594"

yerror@^2.0.0:
  version "2.0.0"
  resolved "https://registry.yarnpkg.com/yerror/-/yerror-2.0.0.tgz#b941c728755ea99cca9c60200644c8628a07e58b"
